hash: 47773e5a3ffd26ed0abf65042f71e7fe83764d8ccf0b00503d00987b962305a1
updated: 2018-05-08T02:13:16.483443+08:00
imports:
- name: github.com/armon/go-socks5
  version: e75332964ef517daa070d7c38a9466a0d687e0a5
- name: github.com/davecgh/go-spew
  version: 346938d642f2ec3594ed81d874461961cd0faa76
  subpackages:
  - spew
- name: github.com/fatedier/beego
  version: 6c6a4f5bd5eb5a39f7e289b8f345b55f75e7e3e8
  subpackages:
  - logs
- name: github.com/fatedier/kcp-go
  version: cd167d2f15f451b0f33780ce862fca97adc0331e
- name: github.com/gorilla/websocket
  version: ea4d1f681babbce9545c9c5f3d5194a789c89f5b
- name: github.com/hashicorp/yamux
  version: 2658be15c5f05e76244154714161f17e3e77de2e
- name: github.com/julienschmidt/httprouter
  version: 8a45e95fc75cb77048068a62daed98cc22fdac7c
- name: github.com/klauspost/cpuid
  version: 09cded8978dc9e80714c4d85b0322337b0a1e5e0
- name: github.com/klauspost/reedsolomon
  version: dde6ad55c5e5a6379a4e82dcca32ee407346eb6d
- name: github.com/pkg/errors
  version: c605e284fe17294bda444b34710735b29d1a9d90
- name: github.com/pmezard/go-difflib
  version: 792786c7400a136282c1664665ae0a8db921c6c2
  subpackages:
  - difflib
- name: github.com/rakyll/statik
  version: 274df120e9065bdd08eb1120e0375e3dc1ae8465
  subpackages:
  - fs
- name: github.com/rodaine/table
  version: 212a2ad1c462ed4d5b5511ea2b480a573281dbbd
- name: github.com/spf13/cobra
  version: a1f051bc3eba734da4772d60e2d677f47cf93ef4
- name: github.com/stretchr/testify
  version: 2402e8e7a02fc811447d11f881aa9746cdc57983
  subpackages:
  - assert
- name: github.com/templexxx/cpufeat
  version: 3794dfbfb04749f896b521032f69383f24c3687e
- name: github.com/templexxx/reedsolomon
  version: 7092926d7d05c415fabb892b1464a03f8228ab80
- name: github.com/templexxx/xor
  version: 0af8e873c554da75f37f2049cdffda804533d44c
- name: github.com/tjfoc/gmsm
  version: 21d76dee237dbbc8dfe1510000b9bf2733635aa1
  subpackages:
  - sm4
- name: github.com/vaughan0/go-ini
  version: a98ad7ee00ec53921f08832bc06ecf7fd600e6a1
- name: golang.org/x/crypto
  version: e1a4589e7d3ea14a3352255d04b6f1a418845e5e
  subpackages:
  - blowfish
  - cast5
  - pbkdf2
  - salsa20
  - salsa20/salsa
  - tea
  - twofish
  - xtea
- name: golang.org/x/net
  version: 640f4622ab692b87c2f3a94265e6f579fe38263d
  subpackages:
  - bpf
  - context
  - internal/iana
  - internal/socket
  - ipv4
testImports: []
